{
  "originHash" : "3a709905a4d9f0c9c76beede130a7e254aa99893507e5cb3938ec209a35b5f63",
  "pins" : [
    {
      "identity" : "locationradiuspicker",
      "kind" : "remoteSourceControl",
      "location" : "https://github.com/birkoof/LocationRadiusPicker.git",
      "state" : {
        "branch" : "main",
        "revision" : "81ed5db1f8dab73e14feff53d6906f85fc6797bf"
      }
    }
  ],
  "version" : 3
}
