{
  "originHash" : "3a709905a4d9f0c9c76beede130a7e254aa99893507e5cb3938ec209a35b5f63",
  "pins" : [
    {
      "identity" : "locationradiuspicker",
      "kind" : "remoteSourceControl",
      "location" : "https://github.com/birkoof/LocationRadiusPicker.git",
      "state" : {
        "branch" : "main",
        "revision" : "2991a5cd1e55a71d699d5c5f722cd9516d19f7a7"
      }
    }
  ],
  "version" : 3
}
